
Microsoft Visual Studio Solution File, Format Version 12.00
# Visual Studio Version 17
VisualStudioVersion = 17.8.34330.188
MinimumVisualStudioVersion = 10.0.40219.1
Project("{9A19103F-16F7-4668-BE54-9A1E7A4F7556}") = "Poems.Site", "Poems.Site\Poems.Site.csproj", "{28B4EE66-00E2-46C0-8FFE-AF5857826D45}"
EndProject
Project("{9A19103F-16F7-4668-BE54-9A1E7A4F7556}") = "Poems.Loader", "Poems.Loader\Poems.Loader.csproj", "{24AC11D3-E9A7-45B7-B380-B26034E25661}"
EndProject
Project("{FAE04EC0-301F-11D3-BF4B-00C04F79EFBC}") = "Poems.Common", "Poems.Common\Poems.Common.csproj", "{5F438B03-9976-4D34-AD3A-59B8B11B0BE8}"
EndProject
Project("{2150E333-8FDC-42A3-9474-1A3956D46DE8}") = "Solution Items", "Solution Items", "{6CA34840-8454-49BD-9EFC-080F1055F00C}"
	ProjectSection(SolutionItems) = preProject
		compose\compose.yaml = compose\compose.yaml
		compose\.env = compose\.env
	EndProjectSection
EndProject
Global
	GlobalSection(SolutionConfigurationPlatforms) = preSolution
		Debug|Any CPU = Debug|Any CPU
		Release|Any CPU = Release|Any CPU
	EndGlobalSection
	GlobalSection(ProjectConfigurationPlatforms) = postSolution
		{28B4EE66-00E2-46C0-8FFE-AF5857826D45}.Debug|Any CPU.ActiveCfg = Debug|Any CPU
		{28B4EE66-00E2-46C0-8FFE-AF5857826D45}.Debug|Any CPU.Build.0 = Debug|Any CPU
		{28B4EE66-00E2-46C0-8FFE-AF5857826D45}.Release|Any CPU.ActiveCfg = Release|Any CPU
		{28B4EE66-00E2-46C0-8FFE-AF5857826D45}.Release|Any CPU.Build.0 = Release|Any CPU
		{24AC11D3-E9A7-45B7-B380-B26034E25661}.Debug|Any CPU.ActiveCfg = Debug|Any CPU
		{24AC11D3-E9A7-45B7-B380-B26034E25661}.Debug|Any CPU.Build.0 = Debug|Any CPU
		{24AC11D3-E9A7-45B7-B380-B26034E25661}.Release|Any CPU.ActiveCfg = Release|Any CPU
		{24AC11D3-E9A7-45B7-B380-B26034E25661}.Release|Any CPU.Build.0 = Release|Any CPU
		{5F438B03-9976-4D34-AD3A-59B8B11B0BE8}.Debug|Any CPU.ActiveCfg = Debug|Any CPU
		{5F438B03-9976-4D34-AD3A-59B8B11B0BE8}.Debug|Any CPU.Build.0 = Debug|Any CPU
		{5F438B03-9976-4D34-AD3A-59B8B11B0BE8}.Release|Any CPU.ActiveCfg = Release|Any CPU
		{5F438B03-9976-4D34-AD3A-59B8B11B0BE8}.Release|Any CPU.Build.0 = Release|Any CPU
	EndGlobalSection
	GlobalSection(SolutionProperties) = preSolution
		HideSolutionNode = FALSE
	EndGlobalSection
	GlobalSection(ExtensibilityGlobals) = postSolution
		SolutionGuid = {0E4F17F6-4DF7-4554-8354-9590D89F9202}
	EndGlobalSection
EndGlobal
